
Microsoft Visual Studio Solution File, Format Version 12.00
# Visual Studio 2013
VisualStudioVersion = 12.0.21005.1
MinimumVisualStudioVersion = 10.0.40219.1
Project("{FAE04EC0-301F-11D3-BF4B-00C04F79EFBC}") = "FizzBuzzComsoleTest", "FizzBuzzTest\FizzBuzzComsoleTest.csproj", "{CED376D9-BC61-442B-B939-DA25D2BE9BD8}"
EndProject
Project("{FAE04EC0-301F-11D3-BF4B-00C04F79EFBC}") = "FizzBuzzConsoleApp", "FizzBuzzConsoleApp\FizzBuzzConsoleApp.csproj", "{138D4E15-A268-4E6F-9F72-6CA7E0ACDCF1}"
EndProject
Global
	GlobalSection(SolutionConfigurationPlatforms) = preSolution
		Debug|Any CPU = Debug|Any CPU
		Release|Any CPU = Release|Any CPU
	EndGlobalSection
	GlobalSection(ProjectConfigurationPlatforms) = postSolution
		{CED376D9-BC61-442B-B939-DA25D2BE9BD8}.Debug|Any CPU.ActiveCfg = Debug|Any CPU
		{CED376D9-BC61-442B-B939-DA25D2BE9BD8}.Debug|Any CPU.Build.0 = Debug|Any CPU
		{CED376D9-BC61-442B-B939-DA25D2BE9BD8}.Release|Any CPU.ActiveCfg = Release|Any CPU
		{CED376D9-BC61-442B-B939-DA25D2BE9BD8}.Release|Any CPU.Build.0 = Release|Any CPU
		{138D4E15-A268-4E6F-9F72-6CA7E0ACDCF1}.Debug|Any CPU.ActiveCfg = Debug|Any CPU
		{138D4E15-A268-4E6F-9F72-6CA7E0ACDCF1}.Debug|Any CPU.Build.0 = Debug|Any CPU
		{138D4E15-A268-4E6F-9F72-6CA7E0ACDCF1}.Release|Any CPU.ActiveCfg = Release|Any CPU
		{138D4E15-A268-4E6F-9F72-6CA7E0ACDCF1}.Release|Any CPU.Build.0 = Release|Any CPU
	EndGlobalSection
	GlobalSection(SolutionProperties) = preSolution
		HideSolutionNode = FALSE
	EndGlobalSection
EndGlobal
